
Microsoft Visual Studio Solution File, Format Version 12.00
# Visual Studio Version 17
VisualStudioVersion = 17.8.34330.188
MinimumVisualStudioVersion = 10.0.40219.1
Project("{9A19103F-16F7-4668-BE54-9A1E7A4F7556}") = "HyperinflationHitsHyperia", "HyperinflationHitsHyperia.csproj", "{8FFB7FA7-9B69-432F-830F-723AB19C4F23}"
EndProject
Global
	GlobalSection(SolutionConfigurationPlatforms) = preSolution
		Debug|Any CPU = Debug|Any CPU
		Release|Any CPU = Release|Any CPU
	EndGlobalSection
	GlobalSection(ProjectConfigurationPlatforms) = postSolution
		{8FFB7FA7-9B69-432F-830F-723AB19C4F23}.Debug|Any CPU.ActiveCfg = Debug|Any CPU
		{8FFB7FA7-9B69-432F-830F-723AB19C4F23}.Debug|Any CPU.Build.0 = Debug|Any CPU
		{8FFB7FA7-9B69-432F-830F-723AB19C4F23}.Release|Any CPU.ActiveCfg = Release|Any CPU
		{8FFB7FA7-9B69-432F-830F-723AB19C4F23}.Release|Any CPU.Build.0 = Release|Any CPU
	EndGlobalSection
	GlobalSection(SolutionProperties) = preSolution
		HideSolutionNode = FALSE
	EndGlobalSection
	GlobalSection(ExtensibilityGlobals) = postSolution
		SolutionGuid = {0EDEB40F-FDDA-45C5-A4B4-2DDD5E31C286}
	EndGlobalSection
EndGlobal
