
Microsoft Visual Studio Solution File, Format Version 12.00
# Visual Studio Version 17
VisualStudioVersion = 17.9.34723.18
MinimumVisualStudioVersion = 10.0.40219.1
Project("{FAE04EC0-301F-11D3-BF4B-00C04F79EFBC}") = "ConsoleApp3", "ConsoleApp3.csproj", "{33D17D4F-1B7B-4EC1-828F-CF1A5CFD91CE}"
EndProject
Global
	GlobalSection(SolutionConfigurationPlatforms) = preSolution
		Debug|Any CPU = Debug|Any CPU
		Release|Any CPU = Release|Any CPU
	EndGlobalSection
	GlobalSection(ProjectConfigurationPlatforms) = postSolution
		{33D17D4F-1B7B-4EC1-828F-CF1A5CFD91CE}.Debug|Any CPU.ActiveCfg = Debug|Any CPU
		{33D17D4F-1B7B-4EC1-828F-CF1A5CFD91CE}.Debug|Any CPU.Build.0 = Debug|Any CPU
		{33D17D4F-1B7B-4EC1-828F-CF1A5CFD91CE}.Release|Any CPU.ActiveCfg = Release|Any CPU
		{33D17D4F-1B7B-4EC1-828F-CF1A5CFD91CE}.Release|Any CPU.Build.0 = Release|Any CPU
	EndGlobalSection
	GlobalSection(SolutionProperties) = preSolution
		HideSolutionNode = FALSE
	EndGlobalSection
	GlobalSection(ExtensibilityGlobals) = postSolution
		SolutionGuid = {FF549632-C8A1-43F2-AEC1-92E12B963114}
	EndGlobalSection
EndGlobal
