
Microsoft Visual Studio Solution File, Format Version 12.00
# Visual Studio Version 17
VisualStudioVersion = 17.7.34018.315
MinimumVisualStudioVersion = 10.0.40219.1
Project("{9A19103F-16F7-4668-BE54-9A1E7A4F7556}") = "InterestIsInteresting", "InterestIsInteresting.csproj", "{17930278-1AAE-4590-9616-4D9F69AB814A}"
EndProject
Global
	GlobalSection(SolutionConfigurationPlatforms) = preSolution
		Debug|Any CPU = Debug|Any CPU
		Release|Any CPU = Release|Any CPU
	EndGlobalSection
	GlobalSection(ProjectConfigurationPlatforms) = postSolution
		{17930278-1AAE-4590-9616-4D9F69AB814A}.Debug|Any CPU.ActiveCfg = Debug|Any CPU
		{17930278-1AAE-4590-9616-4D9F69AB814A}.Debug|Any CPU.Build.0 = Debug|Any CPU
		{17930278-1AAE-4590-9616-4D9F69AB814A}.Release|Any CPU.ActiveCfg = Release|Any CPU
		{17930278-1AAE-4590-9616-4D9F69AB814A}.Release|Any CPU.Build.0 = Release|Any CPU
	EndGlobalSection
	GlobalSection(SolutionProperties) = preSolution
		HideSolutionNode = FALSE
	EndGlobalSection
	GlobalSection(ExtensibilityGlobals) = postSolution
		SolutionGuid = {6B4B382A-69C3-4AEB-B08D-F1080265D619}
	EndGlobalSection
EndGlobal
