
Microsoft Visual Studio Solution File, Format Version 12.00
# Visual Studio Version 17
VisualStudioVersion = 17.8.34330.188
MinimumVisualStudioVersion = 10.0.40219.1
Project("{9A19103F-16F7-4668-BE54-9A1E7A4F7556}") = "MyExercism", "MyExercism.csproj", "{01B894CC-0C1F-4001-ACE9-2A4BD5FC30B5}"
EndProject
Project("{9A19103F-16F7-4668-BE54-9A1E7A4F7556}") = "AttackOfTheTrolls", "..\attack-of-the-trolls\AttackOfTheTrolls.csproj", "{2AF9F263-D7D3-4C52-91F7-B66D1A3B5E0B}"
EndProject
Project("{9A19103F-16F7-4668-BE54-9A1E7A4F7556}") = "BirdWatcher", "..\bird-watcher\BirdWatcher.csproj", "{AC348E36-AEB1-49FB-9C6A-4FE39FA5AFE4}"
EndProject
Project("{9A19103F-16F7-4668-BE54-9A1E7A4F7556}") = "BookingUpForBeauty", "..\booking-up-for-beauty\BookingUpForBeauty.csproj", "{DCCB0A06-5AE4-44C1-B3A3-2E98D1B880E4}"
EndProject
Project("{9A19103F-16F7-4668-BE54-9A1E7A4F7556}") = "CalculatorConundrum", "..\calculator-conundrum\CalculatorConundrum.csproj", "{F1A44373-C52E-445E-A5DA-CE41CB3BB38C}"
EndProject
Project("{9A19103F-16F7-4668-BE54-9A1E7A4F7556}") = "CarsAssemble", "..\cars-assemble\CarsAssemble.csproj", "{D7BAEBA6-35F6-466A-9CC3-7A83696D50EA}"
EndProject
Project("{9A19103F-16F7-4668-BE54-9A1E7A4F7556}") = "ElonsToys", "..\elons-toys\ElonsToys.csproj", "{8AAFAB79-0093-48F2-94F8-8255F857A44B}"
EndProject
Project("{9A19103F-16F7-4668-BE54-9A1E7A4F7556}") = "FootballMatchReports", "..\football-match-reports\FootballMatchReports.csproj", "{0DB3D399-9FFA-466F-881A-7E5ED89DB03E}"
EndProject
Project("{9A19103F-16F7-4668-BE54-9A1E7A4F7556}") = "HyperinflationHitsHyperia", "..\hyperinflation-hits-hyperia\HyperinflationHitsHyperia.csproj", "{A14C6CC9-0ADE-4591-9B4C-5DBCB55899F5}"
EndProject
Project("{9A19103F-16F7-4668-BE54-9A1E7A4F7556}") = "HyperOptimizedTelemetry", "..\hyper-optimized-telemetry\HyperOptimizedTelemetry.csproj", "{AD4DA945-0452-4A88-B71D-3D9BAC34D1B7}"
EndProject
Project("{9A19103F-16F7-4668-BE54-9A1E7A4F7556}") = "InterestIsInteresting", "..\interest-is-interesting\InterestIsInteresting.csproj", "{17A9C679-F518-45A3-A86D-1B833AF211D0}"
EndProject
Project("{9A19103F-16F7-4668-BE54-9A1E7A4F7556}") = "Leap", "..\leap\Leap.csproj", "{69306768-6F00-4FCF-A251-EFCDD2F06A6C}"
EndProject
Project("{9A19103F-16F7-4668-BE54-9A1E7A4F7556}") = "LogLevels", "..\log-levels\LogLevels.csproj", "{A49027A9-0BBB-455B-B0C5-E2AC02BA5CE9}"
EndProject
Project("{9A19103F-16F7-4668-BE54-9A1E7A4F7556}") = "LogsLogsLogs", "..\logs-logs-logs\LogsLogsLogs.csproj", "{50A4A429-A492-4A4F-8052-5B8D8703B5DC}"
EndProject
Project("{9A19103F-16F7-4668-BE54-9A1E7A4F7556}") = "NeedForSpeed", "..\need-for-speed\NeedForSpeed.csproj", "{0302E245-0D09-4D37-B8CD-7D3569B1F122}"
EndProject
Project("{9A19103F-16F7-4668-BE54-9A1E7A4F7556}") = "Proverb", "..\proverb\Proverb.csproj", "{1084C73F-E054-4E5E-A08B-261574D97C1F}"
EndProject
Project("{9A19103F-16F7-4668-BE54-9A1E7A4F7556}") = "ResistorColor", "..\resistor-color\ResistorColor.csproj", "{A0886B0F-3EC5-45D4-97B7-6452F9B65FBB}"
EndProject
Project("{9A19103F-16F7-4668-BE54-9A1E7A4F7556}") = "ResistorColorDuo", "..\resistor-color-duo\ResistorColorDuo.csproj", "{3E9DC2B3-AE98-441A-B689-ADA0DB01475D}"
EndProject
Project("{9A19103F-16F7-4668-BE54-9A1E7A4F7556}") = "SecureMunchesterUnited", "..\secure-munchester-united\SecureMunchesterUnited.csproj", "{77E10007-53E9-4E25-8B01-92BE00BB39F5}"
EndProject
Project("{9A19103F-16F7-4668-BE54-9A1E7A4F7556}") = "SqueakyClean", "..\squeaky-clean\SqueakyClean.csproj", "{2CAA16CF-8449-4480-8D6D-087DAC8AD2B7}"
EndProject
Project("{9A19103F-16F7-4668-BE54-9A1E7A4F7556}") = "TimFromMarketing", "..\tim-from-marketing\TimFromMarketing.csproj", "{1137E11F-7420-488F-AFD3-3D11B56B7BDF}"
EndProject
Project("{9A19103F-16F7-4668-BE54-9A1E7A4F7556}") = "TracksOnTracksOnTracks", "..\tracks-on-tracks-on-tracks\TracksOnTracksOnTracks.csproj", "{07141136-6B8D-488A-9644-B56FAE05BA7F}"
EndProject
Project("{9A19103F-16F7-4668-BE54-9A1E7A4F7556}") = "WeighingMachine", "..\weighing-machine\WeighingMachine.csproj", "{3332EB51-275A-4F88-8519-0B179518C577}"
EndProject
Project("{9A19103F-16F7-4668-BE54-9A1E7A4F7556}") = "WizardsAndWarriors", "..\wizards-and-warriors\WizardsAndWarriors.csproj", "{CB8E9892-F3FC-40C3-9025-2EC3AAAB92D3}"
EndProject
Project("{9A19103F-16F7-4668-BE54-9A1E7A4F7556}") = "InternationalCallingConnoisseur", "..\international-calling-connoisseur\InternationalCallingConnoisseur.csproj", "{2FCDBF87-B56B-4D23-B2C4-DB7EEE73D914}"
EndProject
Project("{9A19103F-16F7-4668-BE54-9A1E7A4F7556}") = "TheWeatherInDeather", "..\the-weather-in-deather\TheWeatherInDeather.csproj", "{C2B7BDAB-53F4-47A8-A3BF-9D8D64D898E5}"
EndProject
Project("{9A19103F-16F7-4668-BE54-9A1E7A4F7556}") = "RemoteControlCompetition", "..\remote-control-competition\RemoteControlCompetition.csproj", "{9B44E179-26C5-4B7E-B435-2811FB2B5192}"
EndProject
Project("{9A19103F-16F7-4668-BE54-9A1E7A4F7556}") = "Faceid2", "..\faceid-2\Faceid2.csproj", "{90765C36-3E2F-4ECE-AED2-5FBB63D8C5FE}"
EndProject
Project("{9A19103F-16F7-4668-BE54-9A1E7A4F7556}") = "WizardsAndWarriors2", "..\wizards-and-warriors-2\WizardsAndWarriors2.csproj", "{85B33123-9BA5-4366-BFEE-AEB138ED5A4D}"
EndProject
Project("{9A19103F-16F7-4668-BE54-9A1E7A4F7556}") = "RollTheDie", "..\roll-the-die\RollTheDie.csproj", "{009063CB-6F2E-4687-9DEC-5F45F198C243}"
EndProject
Project("{9A19103F-16F7-4668-BE54-9A1E7A4F7556}") = "DeveloperPrivileges", "..\developer-privileges\DeveloperPrivileges.csproj", "{98F03B64-0975-4814-BD61-58D55FAC1BB9}"
EndProject
Project("{9A19103F-16F7-4668-BE54-9A1E7A4F7556}") = "ObjectRelationalMapping", "..\object-relational-mapping\ObjectRelationalMapping.csproj", "{4CAB4EDA-FF23-491D-BF76-50BC8C0EABF3}"
EndProject
Project("{9A19103F-16F7-4668-BE54-9A1E7A4F7556}") = "LandGrabInSpace", "..\land-grab-in-space\LandGrabInSpace.csproj", "{E54FC99D-F995-4783-BF59-E815C210E29B}"
EndProject
Project("{9A19103F-16F7-4668-BE54-9A1E7A4F7556}") = "BeautySalonGoesGlobal", "..\beauty-salon-goes-global\BeautySalonGoesGlobal.csproj", "{1F7AD21E-48C0-4075-995C-9EE3DC073924}"
EndProject
Project("{9A19103F-16F7-4668-BE54-9A1E7A4F7556}") = "RemoteControlCleanup", "..\remote-control-cleanup\RemoteControlCleanup.csproj", "{2E878D01-33E4-47F1-9F36-C3ED3DFEACE2}"
EndProject
Project("{9A19103F-16F7-4668-BE54-9A1E7A4F7556}") = "HyperiaForex", "..\hyperia-forex\HyperiaForex.csproj", "{592FD1E0-4FFE-4D69-A975-C434DC7DFB30}"
EndProject
Project("{9A19103F-16F7-4668-BE54-9A1E7A4F7556}") = "BuildingTelemetry", "..\building-telemetry\BuildingTelemetry.csproj", "{0251B769-0CB4-489C-B190-4CEB35881175}"
EndProject
Project("{9A19103F-16F7-4668-BE54-9A1E7A4F7556}") = "AuthenticationSystem", "..\authentication-system\AuthenticationSystem.csproj", "{8D81DEA5-7A17-4288-BBD7-FBBB791695B7}"
EndProject
Project("{9A19103F-16F7-4668-BE54-9A1E7A4F7556}") = "RedVsBlueDarwinStyle", "..\red-vs-blue-darwin-style\RedVsBlueDarwinStyle.csproj", "{DF0692BC-AD3C-4C9E-AD0A-AAE9ED5E327A}"
EndProject
Project("{9A19103F-16F7-4668-BE54-9A1E7A4F7556}") = "OrmInOneGo", "..\orm-in-one-go\OrmInOneGo.csproj", "{B2FD54C5-D02A-4A81-88BF-9825F12DAFA4}"
EndProject
Project("{9A19103F-16F7-4668-BE54-9A1E7A4F7556}") = "HighSchoolSweethearts", "..\high-school-sweethearts\HighSchoolSweethearts.csproj", "{87A995CE-3D13-4D7B-9DEC-40C96593A3BF}"
EndProject
Project("{9A19103F-16F7-4668-BE54-9A1E7A4F7556}") = "ParsingLogFiles", "..\parsing-log-files\ParsingLogFiles.csproj", "{7A76F6A0-AB1E-4C7A-83C4-2F56FDF0E25B}"
EndProject
Project("{9A19103F-16F7-4668-BE54-9A1E7A4F7556}") = "LogAnalysis", "..\log-analysis\LogAnalysis.csproj", "{5F30203D-847D-4543-BDD8-BC8A8638CEAB}"
EndProject
Project("{9A19103F-16F7-4668-BE54-9A1E7A4F7556}") = "PhoneNumberAnalysis", "..\phone-number-analysis\PhoneNumberAnalysis.csproj", "{0AB6F03F-BFFA-4746-89BE-8DB74E8F923F}"
EndProject
Project("{9A19103F-16F7-4668-BE54-9A1E7A4F7556}") = "InstrumentsOfTexas", "..\instruments-of-texas\InstrumentsOfTexas.csproj", "{844C8186-D4DD-422C-9B48-BCDEAE4ED468}"
EndProject
Project("{9A19103F-16F7-4668-BE54-9A1E7A4F7556}") = "TwoFer", "..\two-fer\TwoFer.csproj", "{FF19A4EE-D0A2-4857-B8C6-6DCCC80C1901}"
EndProject
Project("{9A19103F-16F7-4668-BE54-9A1E7A4F7556}") = "Gigasecond", "..\gigasecond\Gigasecond.csproj", "{674C667E-E66E-4E7A-9519-775E9D899FD7}"
EndProject
Project("{9A19103F-16F7-4668-BE54-9A1E7A4F7556}") = "SpaceAge", "..\space-age\SpaceAge.csproj", "{937936A3-CA53-4987-9D58-3DFFF4316080}"
EndProject
Project("{9A19103F-16F7-4668-BE54-9A1E7A4F7556}") = "HighScores", "..\high-scores\HighScores.csproj", "{4E9AF556-68E5-4EF0-AD92-4D55563ADEF1}"
EndProject
Project("{9A19103F-16F7-4668-BE54-9A1E7A4F7556}") = "Hamming", "..\hamming\Hamming.csproj", "{71CD604A-E21F-4353-83FF-2103FD720771}"
EndProject
Project("{9A19103F-16F7-4668-BE54-9A1E7A4F7556}") = "NucleotideCount", "..\nucleotide-count\NucleotideCount.csproj", "{7055EC97-9328-44D1-98FD-9907158103F7}"
EndProject
Project("{9A19103F-16F7-4668-BE54-9A1E7A4F7556}") = "RobotName", "..\robot-name\RobotName.csproj", "{C9E0B660-5DA7-43E0-826E-3B7023304B97}"
EndProject
Project("{9A19103F-16F7-4668-BE54-9A1E7A4F7556}") = "Allergies", "..\allergies\Allergies.csproj", "{5558CE39-08B3-4A65-A9C8-585CD1010018}"
EndProject
Project("{9A19103F-16F7-4668-BE54-9A1E7A4F7556}") = "GradeSchool", "..\grade-school\GradeSchool.csproj", "{E88CE77B-02BE-4668-A048-525B9E491D3C}"
EndProject
Global
	GlobalSection(SolutionConfigurationPlatforms) = preSolution
		Debug|Any CPU = Debug|Any CPU
		Release|Any CPU = Release|Any CPU
	EndGlobalSection
	GlobalSection(ProjectConfigurationPlatforms) = postSolution
		{01B894CC-0C1F-4001-ACE9-2A4BD5FC30B5}.Debug|Any CPU.ActiveCfg = Debug|Any CPU
		{01B894CC-0C1F-4001-ACE9-2A4BD5FC30B5}.Debug|Any CPU.Build.0 = Debug|Any CPU
		{01B894CC-0C1F-4001-ACE9-2A4BD5FC30B5}.Release|Any CPU.ActiveCfg = Release|Any CPU
		{01B894CC-0C1F-4001-ACE9-2A4BD5FC30B5}.Release|Any CPU.Build.0 = Release|Any CPU
		{2AF9F263-D7D3-4C52-91F7-B66D1A3B5E0B}.Debug|Any CPU.ActiveCfg = Debug|Any CPU
		{2AF9F263-D7D3-4C52-91F7-B66D1A3B5E0B}.Debug|Any CPU.Build.0 = Debug|Any CPU
		{2AF9F263-D7D3-4C52-91F7-B66D1A3B5E0B}.Release|Any CPU.ActiveCfg = Release|Any CPU
		{2AF9F263-D7D3-4C52-91F7-B66D1A3B5E0B}.Release|Any CPU.Build.0 = Release|Any CPU
		{AC348E36-AEB1-49FB-9C6A-4FE39FA5AFE4}.Debug|Any CPU.ActiveCfg = Debug|Any CPU
		{AC348E36-AEB1-49FB-9C6A-4FE39FA5AFE4}.Debug|Any CPU.Build.0 = Debug|Any CPU
		{AC348E36-AEB1-49FB-9C6A-4FE39FA5AFE4}.Release|Any CPU.ActiveCfg = Release|Any CPU
		{AC348E36-AEB1-49FB-9C6A-4FE39FA5AFE4}.Release|Any CPU.Build.0 = Release|Any CPU
		{DCCB0A06-5AE4-44C1-B3A3-2E98D1B880E4}.Debug|Any CPU.ActiveCfg = Debug|Any CPU
		{DCCB0A06-5AE4-44C1-B3A3-2E98D1B880E4}.Debug|Any CPU.Build.0 = Debug|Any CPU
		{DCCB0A06-5AE4-44C1-B3A3-2E98D1B880E4}.Release|Any CPU.ActiveCfg = Release|Any CPU
		{DCCB0A06-5AE4-44C1-B3A3-2E98D1B880E4}.Release|Any CPU.Build.0 = Release|Any CPU
		{F1A44373-C52E-445E-A5DA-CE41CB3BB38C}.Debug|Any CPU.ActiveCfg = Debug|Any CPU
		{F1A44373-C52E-445E-A5DA-CE41CB3BB38C}.Debug|Any CPU.Build.0 = Debug|Any CPU
		{F1A44373-C52E-445E-A5DA-CE41CB3BB38C}.Release|Any CPU.ActiveCfg = Release|Any CPU
		{F1A44373-C52E-445E-A5DA-CE41CB3BB38C}.Release|Any CPU.Build.0 = Release|Any CPU
		{D7BAEBA6-35F6-466A-9CC3-7A83696D50EA}.Debug|Any CPU.ActiveCfg = Debug|Any CPU
		{D7BAEBA6-35F6-466A-9CC3-7A83696D50EA}.Debug|Any CPU.Build.0 = Debug|Any CPU
		{D7BAEBA6-35F6-466A-9CC3-7A83696D50EA}.Release|Any CPU.ActiveCfg = Release|Any CPU
		{D7BAEBA6-35F6-466A-9CC3-7A83696D50EA}.Release|Any CPU.Build.0 = Release|Any CPU
		{8AAFAB79-0093-48F2-94F8-8255F857A44B}.Debug|Any CPU.ActiveCfg = Debug|Any CPU
		{8AAFAB79-0093-48F2-94F8-8255F857A44B}.Debug|Any CPU.Build.0 = Debug|Any CPU
		{8AAFAB79-0093-48F2-94F8-8255F857A44B}.Release|Any CPU.ActiveCfg = Release|Any CPU
		{8AAFAB79-0093-48F2-94F8-8255F857A44B}.Release|Any CPU.Build.0 = Release|Any CPU
		{0DB3D399-9FFA-466F-881A-7E5ED89DB03E}.Debug|Any CPU.ActiveCfg = Debug|Any CPU
		{0DB3D399-9FFA-466F-881A-7E5ED89DB03E}.Debug|Any CPU.Build.0 = Debug|Any CPU
		{0DB3D399-9FFA-466F-881A-7E5ED89DB03E}.Release|Any CPU.ActiveCfg = Release|Any CPU
		{0DB3D399-9FFA-466F-881A-7E5ED89DB03E}.Release|Any CPU.Build.0 = Release|Any CPU
		{A14C6CC9-0ADE-4591-9B4C-5DBCB55899F5}.Debug|Any CPU.ActiveCfg = Debug|Any CPU
		{A14C6CC9-0ADE-4591-9B4C-5DBCB55899F5}.Debug|Any CPU.Build.0 = Debug|Any CPU
		{A14C6CC9-0ADE-4591-9B4C-5DBCB55899F5}.Release|Any CPU.ActiveCfg = Release|Any CPU
		{A14C6CC9-0ADE-4591-9B4C-5DBCB55899F5}.Release|Any CPU.Build.0 = Release|Any CPU
		{AD4DA945-0452-4A88-B71D-3D9BAC34D1B7}.Debug|Any CPU.ActiveCfg = Debug|Any CPU
		{AD4DA945-0452-4A88-B71D-3D9BAC34D1B7}.Debug|Any CPU.Build.0 = Debug|Any CPU
		{AD4DA945-0452-4A88-B71D-3D9BAC34D1B7}.Release|Any CPU.ActiveCfg = Release|Any CPU
		{AD4DA945-0452-4A88-B71D-3D9BAC34D1B7}.Release|Any CPU.Build.0 = Release|Any CPU
		{17A9C679-F518-45A3-A86D-1B833AF211D0}.Debug|Any CPU.ActiveCfg = Debug|Any CPU
		{17A9C679-F518-45A3-A86D-1B833AF211D0}.Debug|Any CPU.Build.0 = Debug|Any CPU
		{17A9C679-F518-45A3-A86D-1B833AF211D0}.Release|Any CPU.ActiveCfg = Release|Any CPU
		{17A9C679-F518-45A3-A86D-1B833AF211D0}.Release|Any CPU.Build.0 = Release|Any CPU
		{69306768-6F00-4FCF-A251-EFCDD2F06A6C}.Debug|Any CPU.ActiveCfg = Debug|Any CPU
		{69306768-6F00-4FCF-A251-EFCDD2F06A6C}.Debug|Any CPU.Build.0 = Debug|Any CPU
		{69306768-6F00-4FCF-A251-EFCDD2F06A6C}.Release|Any CPU.ActiveCfg = Release|Any CPU
		{69306768-6F00-4FCF-A251-EFCDD2F06A6C}.Release|Any CPU.Build.0 = Release|Any CPU
		{A49027A9-0BBB-455B-B0C5-E2AC02BA5CE9}.Debug|Any CPU.ActiveCfg = Debug|Any CPU
		{A49027A9-0BBB-455B-B0C5-E2AC02BA5CE9}.Debug|Any CPU.Build.0 = Debug|Any CPU
		{A49027A9-0BBB-455B-B0C5-E2AC02BA5CE9}.Release|Any CPU.ActiveCfg = Release|Any CPU
		{A49027A9-0BBB-455B-B0C5-E2AC02BA5CE9}.Release|Any CPU.Build.0 = Release|Any CPU
		{50A4A429-A492-4A4F-8052-5B8D8703B5DC}.Debug|Any CPU.ActiveCfg = Debug|Any CPU
		{50A4A429-A492-4A4F-8052-5B8D8703B5DC}.Debug|Any CPU.Build.0 = Debug|Any CPU
		{50A4A429-A492-4A4F-8052-5B8D8703B5DC}.Release|Any CPU.ActiveCfg = Release|Any CPU
		{50A4A429-A492-4A4F-8052-5B8D8703B5DC}.Release|Any CPU.Build.0 = Release|Any CPU
		{0302E245-0D09-4D37-B8CD-7D3569B1F122}.Debug|Any CPU.ActiveCfg = Debug|Any CPU
		{0302E245-0D09-4D37-B8CD-7D3569B1F122}.Debug|Any CPU.Build.0 = Debug|Any CPU
		{0302E245-0D09-4D37-B8CD-7D3569B1F122}.Release|Any CPU.ActiveCfg = Release|Any CPU
		{0302E245-0D09-4D37-B8CD-7D3569B1F122}.Release|Any CPU.Build.0 = Release|Any CPU
		{1084C73F-E054-4E5E-A08B-261574D97C1F}.Debug|Any CPU.ActiveCfg = Debug|Any CPU
		{1084C73F-E054-4E5E-A08B-261574D97C1F}.Debug|Any CPU.Build.0 = Debug|Any CPU
		{1084C73F-E054-4E5E-A08B-261574D97C1F}.Release|Any CPU.ActiveCfg = Release|Any CPU
		{1084C73F-E054-4E5E-A08B-261574D97C1F}.Release|Any CPU.Build.0 = Release|Any CPU
		{A0886B0F-3EC5-45D4-97B7-6452F9B65FBB}.Debug|Any CPU.ActiveCfg = Debug|Any CPU
		{A0886B0F-3EC5-45D4-97B7-6452F9B65FBB}.Debug|Any CPU.Build.0 = Debug|Any CPU
		{A0886B0F-3EC5-45D4-97B7-6452F9B65FBB}.Release|Any CPU.ActiveCfg = Release|Any CPU
		{A0886B0F-3EC5-45D4-97B7-6452F9B65FBB}.Release|Any CPU.Build.0 = Release|Any CPU
		{3E9DC2B3-AE98-441A-B689-ADA0DB01475D}.Debug|Any CPU.ActiveCfg = Debug|Any CPU
		{3E9DC2B3-AE98-441A-B689-ADA0DB01475D}.Debug|Any CPU.Build.0 = Debug|Any CPU
		{3E9DC2B3-AE98-441A-B689-ADA0DB01475D}.Release|Any CPU.ActiveCfg = Release|Any CPU
		{3E9DC2B3-AE98-441A-B689-ADA0DB01475D}.Release|Any CPU.Build.0 = Release|Any CPU
		{77E10007-53E9-4E25-8B01-92BE00BB39F5}.Debug|Any CPU.ActiveCfg = Debug|Any CPU
		{77E10007-53E9-4E25-8B01-92BE00BB39F5}.Debug|Any CPU.Build.0 = Debug|Any CPU
		{77E10007-53E9-4E25-8B01-92BE00BB39F5}.Release|Any CPU.ActiveCfg = Release|Any CPU
		{77E10007-53E9-4E25-8B01-92BE00BB39F5}.Release|Any CPU.Build.0 = Release|Any CPU
		{2CAA16CF-8449-4480-8D6D-087DAC8AD2B7}.Debug|Any CPU.ActiveCfg = Debug|Any CPU
		{2CAA16CF-8449-4480-8D6D-087DAC8AD2B7}.Debug|Any CPU.Build.0 = Debug|Any CPU
		{2CAA16CF-8449-4480-8D6D-087DAC8AD2B7}.Release|Any CPU.ActiveCfg = Release|Any CPU
		{2CAA16CF-8449-4480-8D6D-087DAC8AD2B7}.Release|Any CPU.Build.0 = Release|Any CPU
		{1137E11F-7420-488F-AFD3-3D11B56B7BDF}.Debug|Any CPU.ActiveCfg = Debug|Any CPU
		{1137E11F-7420-488F-AFD3-3D11B56B7BDF}.Debug|Any CPU.Build.0 = Debug|Any CPU
		{1137E11F-7420-488F-AFD3-3D11B56B7BDF}.Release|Any CPU.ActiveCfg = Release|Any CPU
		{1137E11F-7420-488F-AFD3-3D11B56B7BDF}.Release|Any CPU.Build.0 = Release|Any CPU
		{07141136-6B8D-488A-9644-B56FAE05BA7F}.Debug|Any CPU.ActiveCfg = Debug|Any CPU
		{07141136-6B8D-488A-9644-B56FAE05BA7F}.Debug|Any CPU.Build.0 = Debug|Any CPU
		{07141136-6B8D-488A-9644-B56FAE05BA7F}.Release|Any CPU.ActiveCfg = Release|Any CPU
		{07141136-6B8D-488A-9644-B56FAE05BA7F}.Release|Any CPU.Build.0 = Release|Any CPU
		{3332EB51-275A-4F88-8519-0B179518C577}.Debug|Any CPU.ActiveCfg = Debug|Any CPU
		{3332EB51-275A-4F88-8519-0B179518C577}.Debug|Any CPU.Build.0 = Debug|Any CPU
		{3332EB51-275A-4F88-8519-0B179518C577}.Release|Any CPU.ActiveCfg = Release|Any CPU
		{3332EB51-275A-4F88-8519-0B179518C577}.Release|Any CPU.Build.0 = Release|Any CPU
		{CB8E9892-F3FC-40C3-9025-2EC3AAAB92D3}.Debug|Any CPU.ActiveCfg = Debug|Any CPU
		{CB8E9892-F3FC-40C3-9025-2EC3AAAB92D3}.Debug|Any CPU.Build.0 = Debug|Any CPU
		{CB8E9892-F3FC-40C3-9025-2EC3AAAB92D3}.Release|Any CPU.ActiveCfg = Release|Any CPU
		{CB8E9892-F3FC-40C3-9025-2EC3AAAB92D3}.Release|Any CPU.Build.0 = Release|Any CPU
		{2FCDBF87-B56B-4D23-B2C4-DB7EEE73D914}.Debug|Any CPU.ActiveCfg = Debug|Any CPU
		{2FCDBF87-B56B-4D23-B2C4-DB7EEE73D914}.Debug|Any CPU.Build.0 = Debug|Any CPU
		{2FCDBF87-B56B-4D23-B2C4-DB7EEE73D914}.Release|Any CPU.ActiveCfg = Release|Any CPU
		{2FCDBF87-B56B-4D23-B2C4-DB7EEE73D914}.Release|Any CPU.Build.0 = Release|Any CPU
		{C2B7BDAB-53F4-47A8-A3BF-9D8D64D898E5}.Debug|Any CPU.ActiveCfg = Debug|Any CPU
		{C2B7BDAB-53F4-47A8-A3BF-9D8D64D898E5}.Debug|Any CPU.Build.0 = Debug|Any CPU
		{C2B7BDAB-53F4-47A8-A3BF-9D8D64D898E5}.Release|Any CPU.ActiveCfg = Release|Any CPU
		{C2B7BDAB-53F4-47A8-A3BF-9D8D64D898E5}.Release|Any CPU.Build.0 = Release|Any CPU
		{9B44E179-26C5-4B7E-B435-2811FB2B5192}.Debug|Any CPU.ActiveCfg = Debug|Any CPU
		{9B44E179-26C5-4B7E-B435-2811FB2B5192}.Debug|Any CPU.Build.0 = Debug|Any CPU
		{9B44E179-26C5-4B7E-B435-2811FB2B5192}.Release|Any CPU.ActiveCfg = Release|Any CPU
		{9B44E179-26C5-4B7E-B435-2811FB2B5192}.Release|Any CPU.Build.0 = Release|Any CPU
		{90765C36-3E2F-4ECE-AED2-5FBB63D8C5FE}.Debug|Any CPU.ActiveCfg = Debug|Any CPU
		{90765C36-3E2F-4ECE-AED2-5FBB63D8C5FE}.Debug|Any CPU.Build.0 = Debug|Any CPU
		{90765C36-3E2F-4ECE-AED2-5FBB63D8C5FE}.Release|Any CPU.ActiveCfg = Release|Any CPU
		{90765C36-3E2F-4ECE-AED2-5FBB63D8C5FE}.Release|Any CPU.Build.0 = Release|Any CPU
		{85B33123-9BA5-4366-BFEE-AEB138ED5A4D}.Debug|Any CPU.ActiveCfg = Debug|Any CPU
		{85B33123-9BA5-4366-BFEE-AEB138ED5A4D}.Debug|Any CPU.Build.0 = Debug|Any CPU
		{85B33123-9BA5-4366-BFEE-AEB138ED5A4D}.Release|Any CPU.ActiveCfg = Release|Any CPU
		{85B33123-9BA5-4366-BFEE-AEB138ED5A4D}.Release|Any CPU.Build.0 = Release|Any CPU
		{009063CB-6F2E-4687-9DEC-5F45F198C243}.Debug|Any CPU.ActiveCfg = Debug|Any CPU
		{009063CB-6F2E-4687-9DEC-5F45F198C243}.Debug|Any CPU.Build.0 = Debug|Any CPU
		{009063CB-6F2E-4687-9DEC-5F45F198C243}.Release|Any CPU.ActiveCfg = Release|Any CPU
		{009063CB-6F2E-4687-9DEC-5F45F198C243}.Release|Any CPU.Build.0 = Release|Any CPU
		{98F03B64-0975-4814-BD61-58D55FAC1BB9}.Debug|Any CPU.ActiveCfg = Debug|Any CPU
		{98F03B64-0975-4814-BD61-58D55FAC1BB9}.Debug|Any CPU.Build.0 = Debug|Any CPU
		{98F03B64-0975-4814-BD61-58D55FAC1BB9}.Release|Any CPU.ActiveCfg = Release|Any CPU
		{98F03B64-0975-4814-BD61-58D55FAC1BB9}.Release|Any CPU.Build.0 = Release|Any CPU
		{4CAB4EDA-FF23-491D-BF76-50BC8C0EABF3}.Debug|Any CPU.ActiveCfg = Debug|Any CPU
		{4CAB4EDA-FF23-491D-BF76-50BC8C0EABF3}.Debug|Any CPU.Build.0 = Debug|Any CPU
		{4CAB4EDA-FF23-491D-BF76-50BC8C0EABF3}.Release|Any CPU.ActiveCfg = Release|Any CPU
		{4CAB4EDA-FF23-491D-BF76-50BC8C0EABF3}.Release|Any CPU.Build.0 = Release|Any CPU
		{E54FC99D-F995-4783-BF59-E815C210E29B}.Debug|Any CPU.ActiveCfg = Debug|Any CPU
		{E54FC99D-F995-4783-BF59-E815C210E29B}.Debug|Any CPU.Build.0 = Debug|Any CPU
		{E54FC99D-F995-4783-BF59-E815C210E29B}.Release|Any CPU.ActiveCfg = Release|Any CPU
		{E54FC99D-F995-4783-BF59-E815C210E29B}.Release|Any CPU.Build.0 = Release|Any CPU
		{1F7AD21E-48C0-4075-995C-9EE3DC073924}.Debug|Any CPU.ActiveCfg = Debug|Any CPU
		{1F7AD21E-48C0-4075-995C-9EE3DC073924}.Debug|Any CPU.Build.0 = Debug|Any CPU
		{1F7AD21E-48C0-4075-995C-9EE3DC073924}.Release|Any CPU.ActiveCfg = Release|Any CPU
		{1F7AD21E-48C0-4075-995C-9EE3DC073924}.Release|Any CPU.Build.0 = Release|Any CPU
		{2E878D01-33E4-47F1-9F36-C3ED3DFEACE2}.Debug|Any CPU.ActiveCfg = Debug|Any CPU
		{2E878D01-33E4-47F1-9F36-C3ED3DFEACE2}.Debug|Any CPU.Build.0 = Debug|Any CPU
		{2E878D01-33E4-47F1-9F36-C3ED3DFEACE2}.Release|Any CPU.ActiveCfg = Release|Any CPU
		{2E878D01-33E4-47F1-9F36-C3ED3DFEACE2}.Release|Any CPU.Build.0 = Release|Any CPU
		{592FD1E0-4FFE-4D69-A975-C434DC7DFB30}.Debug|Any CPU.ActiveCfg = Debug|Any CPU
		{592FD1E0-4FFE-4D69-A975-C434DC7DFB30}.Debug|Any CPU.Build.0 = Debug|Any CPU
		{592FD1E0-4FFE-4D69-A975-C434DC7DFB30}.Release|Any CPU.ActiveCfg = Release|Any CPU
		{592FD1E0-4FFE-4D69-A975-C434DC7DFB30}.Release|Any CPU.Build.0 = Release|Any CPU
		{0251B769-0CB4-489C-B190-4CEB35881175}.Debug|Any CPU.ActiveCfg = Debug|Any CPU
		{0251B769-0CB4-489C-B190-4CEB35881175}.Debug|Any CPU.Build.0 = Debug|Any CPU
		{0251B769-0CB4-489C-B190-4CEB35881175}.Release|Any CPU.ActiveCfg = Release|Any CPU
		{0251B769-0CB4-489C-B190-4CEB35881175}.Release|Any CPU.Build.0 = Release|Any CPU
		{8D81DEA5-7A17-4288-BBD7-FBBB791695B7}.Debug|Any CPU.ActiveCfg = Debug|Any CPU
		{8D81DEA5-7A17-4288-BBD7-FBBB791695B7}.Debug|Any CPU.Build.0 = Debug|Any CPU
		{8D81DEA5-7A17-4288-BBD7-FBBB791695B7}.Release|Any CPU.ActiveCfg = Release|Any CPU
		{8D81DEA5-7A17-4288-BBD7-FBBB791695B7}.Release|Any CPU.Build.0 = Release|Any CPU
		{DF0692BC-AD3C-4C9E-AD0A-AAE9ED5E327A}.Debug|Any CPU.ActiveCfg = Debug|Any CPU
		{DF0692BC-AD3C-4C9E-AD0A-AAE9ED5E327A}.Debug|Any CPU.Build.0 = Debug|Any CPU
		{DF0692BC-AD3C-4C9E-AD0A-AAE9ED5E327A}.Release|Any CPU.ActiveCfg = Release|Any CPU
		{DF0692BC-AD3C-4C9E-AD0A-AAE9ED5E327A}.Release|Any CPU.Build.0 = Release|Any CPU
		{B2FD54C5-D02A-4A81-88BF-9825F12DAFA4}.Debug|Any CPU.ActiveCfg = Debug|Any CPU
		{B2FD54C5-D02A-4A81-88BF-9825F12DAFA4}.Debug|Any CPU.Build.0 = Debug|Any CPU
		{B2FD54C5-D02A-4A81-88BF-9825F12DAFA4}.Release|Any CPU.ActiveCfg = Release|Any CPU
		{B2FD54C5-D02A-4A81-88BF-9825F12DAFA4}.Release|Any CPU.Build.0 = Release|Any CPU
		{87A995CE-3D13-4D7B-9DEC-40C96593A3BF}.Debug|Any CPU.ActiveCfg = Debug|Any CPU
		{87A995CE-3D13-4D7B-9DEC-40C96593A3BF}.Debug|Any CPU.Build.0 = Debug|Any CPU
		{87A995CE-3D13-4D7B-9DEC-40C96593A3BF}.Release|Any CPU.ActiveCfg = Release|Any CPU
		{87A995CE-3D13-4D7B-9DEC-40C96593A3BF}.Release|Any CPU.Build.0 = Release|Any CPU
		{7A76F6A0-AB1E-4C7A-83C4-2F56FDF0E25B}.Debug|Any CPU.ActiveCfg = Debug|Any CPU
		{7A76F6A0-AB1E-4C7A-83C4-2F56FDF0E25B}.Debug|Any CPU.Build.0 = Debug|Any CPU
		{7A76F6A0-AB1E-4C7A-83C4-2F56FDF0E25B}.Release|Any CPU.ActiveCfg = Release|Any CPU
		{7A76F6A0-AB1E-4C7A-83C4-2F56FDF0E25B}.Release|Any CPU.Build.0 = Release|Any CPU
		{5F30203D-847D-4543-BDD8-BC8A8638CEAB}.Debug|Any CPU.ActiveCfg = Debug|Any CPU
		{5F30203D-847D-4543-BDD8-BC8A8638CEAB}.Debug|Any CPU.Build.0 = Debug|Any CPU
		{5F30203D-847D-4543-BDD8-BC8A8638CEAB}.Release|Any CPU.ActiveCfg = Release|Any CPU
		{5F30203D-847D-4543-BDD8-BC8A8638CEAB}.Release|Any CPU.Build.0 = Release|Any CPU
		{0AB6F03F-BFFA-4746-89BE-8DB74E8F923F}.Debug|Any CPU.ActiveCfg = Debug|Any CPU
		{0AB6F03F-BFFA-4746-89BE-8DB74E8F923F}.Debug|Any CPU.Build.0 = Debug|Any CPU
		{0AB6F03F-BFFA-4746-89BE-8DB74E8F923F}.Release|Any CPU.ActiveCfg = Release|Any CPU
		{0AB6F03F-BFFA-4746-89BE-8DB74E8F923F}.Release|Any CPU.Build.0 = Release|Any CPU
		{844C8186-D4DD-422C-9B48-BCDEAE4ED468}.Debug|Any CPU.ActiveCfg = Debug|Any CPU
		{844C8186-D4DD-422C-9B48-BCDEAE4ED468}.Debug|Any CPU.Build.0 = Debug|Any CPU
		{844C8186-D4DD-422C-9B48-BCDEAE4ED468}.Release|Any CPU.ActiveCfg = Release|Any CPU
		{844C8186-D4DD-422C-9B48-BCDEAE4ED468}.Release|Any CPU.Build.0 = Release|Any CPU
		{FF19A4EE-D0A2-4857-B8C6-6DCCC80C1901}.Debug|Any CPU.ActiveCfg = Debug|Any CPU
		{FF19A4EE-D0A2-4857-B8C6-6DCCC80C1901}.Debug|Any CPU.Build.0 = Debug|Any CPU
		{FF19A4EE-D0A2-4857-B8C6-6DCCC80C1901}.Release|Any CPU.ActiveCfg = Release|Any CPU
		{FF19A4EE-D0A2-4857-B8C6-6DCCC80C1901}.Release|Any CPU.Build.0 = Release|Any CPU
		{674C667E-E66E-4E7A-9519-775E9D899FD7}.Debug|Any CPU.ActiveCfg = Debug|Any CPU
		{674C667E-E66E-4E7A-9519-775E9D899FD7}.Debug|Any CPU.Build.0 = Debug|Any CPU
		{674C667E-E66E-4E7A-9519-775E9D899FD7}.Release|Any CPU.ActiveCfg = Release|Any CPU
		{674C667E-E66E-4E7A-9519-775E9D899FD7}.Release|Any CPU.Build.0 = Release|Any CPU
		{937936A3-CA53-4987-9D58-3DFFF4316080}.Debug|Any CPU.ActiveCfg = Debug|Any CPU
		{937936A3-CA53-4987-9D58-3DFFF4316080}.Debug|Any CPU.Build.0 = Debug|Any CPU
		{937936A3-CA53-4987-9D58-3DFFF4316080}.Release|Any CPU.ActiveCfg = Release|Any CPU
		{937936A3-CA53-4987-9D58-3DFFF4316080}.Release|Any CPU.Build.0 = Release|Any CPU
		{4E9AF556-68E5-4EF0-AD92-4D55563ADEF1}.Debug|Any CPU.ActiveCfg = Debug|Any CPU
		{4E9AF556-68E5-4EF0-AD92-4D55563ADEF1}.Debug|Any CPU.Build.0 = Debug|Any CPU
		{4E9AF556-68E5-4EF0-AD92-4D55563ADEF1}.Release|Any CPU.ActiveCfg = Release|Any CPU
		{4E9AF556-68E5-4EF0-AD92-4D55563ADEF1}.Release|Any CPU.Build.0 = Release|Any CPU
		{71CD604A-E21F-4353-83FF-2103FD720771}.Debug|Any CPU.ActiveCfg = Debug|Any CPU
		{71CD604A-E21F-4353-83FF-2103FD720771}.Debug|Any CPU.Build.0 = Debug|Any CPU
		{71CD604A-E21F-4353-83FF-2103FD720771}.Release|Any CPU.ActiveCfg = Release|Any CPU
		{71CD604A-E21F-4353-83FF-2103FD720771}.Release|Any CPU.Build.0 = Release|Any CPU
		{7055EC97-9328-44D1-98FD-9907158103F7}.Debug|Any CPU.ActiveCfg = Debug|Any CPU
		{7055EC97-9328-44D1-98FD-9907158103F7}.Debug|Any CPU.Build.0 = Debug|Any CPU
		{7055EC97-9328-44D1-98FD-9907158103F7}.Release|Any CPU.ActiveCfg = Release|Any CPU
		{7055EC97-9328-44D1-98FD-9907158103F7}.Release|Any CPU.Build.0 = Release|Any CPU
		{C9E0B660-5DA7-43E0-826E-3B7023304B97}.Debug|Any CPU.ActiveCfg = Debug|Any CPU
		{C9E0B660-5DA7-43E0-826E-3B7023304B97}.Debug|Any CPU.Build.0 = Debug|Any CPU
		{C9E0B660-5DA7-43E0-826E-3B7023304B97}.Release|Any CPU.ActiveCfg = Release|Any CPU
		{C9E0B660-5DA7-43E0-826E-3B7023304B97}.Release|Any CPU.Build.0 = Release|Any CPU
		{5558CE39-08B3-4A65-A9C8-585CD1010018}.Debug|Any CPU.ActiveCfg = Debug|Any CPU
		{5558CE39-08B3-4A65-A9C8-585CD1010018}.Debug|Any CPU.Build.0 = Debug|Any CPU
		{5558CE39-08B3-4A65-A9C8-585CD1010018}.Release|Any CPU.ActiveCfg = Release|Any CPU
		{5558CE39-08B3-4A65-A9C8-585CD1010018}.Release|Any CPU.Build.0 = Release|Any CPU
		{E88CE77B-02BE-4668-A048-525B9E491D3C}.Debug|Any CPU.ActiveCfg = Debug|Any CPU
		{E88CE77B-02BE-4668-A048-525B9E491D3C}.Debug|Any CPU.Build.0 = Debug|Any CPU
		{E88CE77B-02BE-4668-A048-525B9E491D3C}.Release|Any CPU.ActiveCfg = Release|Any CPU
		{E88CE77B-02BE-4668-A048-525B9E491D3C}.Release|Any CPU.Build.0 = Release|Any CPU
	EndGlobalSection
	GlobalSection(SolutionProperties) = preSolution
		HideSolutionNode = FALSE
	EndGlobalSection
	GlobalSection(ExtensibilityGlobals) = postSolution
		SolutionGuid = {F9C08B6B-0E23-489D-9867-CBAEB9F5EF56}
	EndGlobalSection
EndGlobal
