
Microsoft Visual Studio Solution File, Format Version 12.00
# Visual Studio Version 17
VisualStudioVersion = 17.9.34723.18
MinimumVisualStudioVersion = 10.0.40219.1
Project("{FAE04EC0-301F-11D3-BF4B-00C04F79EFBC}") = "Delegates.MotorcycleConsole", "Delegates.MotorcycleConsole.csproj", "{93CAB9AB-AA3B-4E42-99BA-5F77BEECA6D9}"
EndProject
Global
	GlobalSection(SolutionConfigurationPlatforms) = preSolution
		Debug|Any CPU = Debug|Any CPU
		Release|Any CPU = Release|Any CPU
	EndGlobalSection
	GlobalSection(ProjectConfigurationPlatforms) = postSolution
		{93CAB9AB-AA3B-4E42-99BA-5F77BEECA6D9}.Debug|Any CPU.ActiveCfg = Debug|Any CPU
		{93CAB9AB-AA3B-4E42-99BA-5F77BEECA6D9}.Debug|Any CPU.Build.0 = Debug|Any CPU
		{93CAB9AB-AA3B-4E42-99BA-5F77BEECA6D9}.Release|Any CPU.ActiveCfg = Release|Any CPU
		{93CAB9AB-AA3B-4E42-99BA-5F77BEECA6D9}.Release|Any CPU.Build.0 = Release|Any CPU
	EndGlobalSection
	GlobalSection(SolutionProperties) = preSolution
		HideSolutionNode = FALSE
	EndGlobalSection
	GlobalSection(ExtensibilityGlobals) = postSolution
		SolutionGuid = {61FBBEF1-0ABC-4059-BE51-4C4DAD146675}
	EndGlobalSection
EndGlobal
